
Microsoft Visual Studio Solution File, Format Version 12.00
# Visual Studio Version 16
VisualStudioVersion = 16.0.33214.272
MinimumVisualStudioVersion = 10.0.40219.1
Project("{D2ABAB84-BF74-430A-B69E-9DC6D40DDA17}") = "SSAS", "abc\SSAS.dwproj", "{81480A04-62D0-461A-AB3D-AA1367666C1E}"
EndProject
Global
	GlobalSection(SolutionConfigurationPlatforms) = preSolution
		Development|Default = Development|Default
	EndGlobalSection
	GlobalSection(ProjectConfigurationPlatforms) = postSolution
		{81480A04-62D0-461A-AB3D-AA1367666C1E}.Development|Default.ActiveCfg = Development
		{81480A04-62D0-461A-AB3D-AA1367666C1E}.Development|Default.Build.0 = Development
		{81480A04-62D0-461A-AB3D-AA1367666C1E}.Development|Default.Deploy.0 = Development
	EndGlobalSection
	GlobalSection(SolutionProperties) = preSolution
		HideSolutionNode = FALSE
	EndGlobalSection
	GlobalSection(ExtensibilityGlobals) = postSolution
		SolutionGuid = {9823FF75-4569-4DB6-9DC8-14C9E7879F94}
	EndGlobalSection
EndGlobal
